
Microsoft Visual Studio Solution File, Format Version 12.00
# Visual Studio Version 17
VisualStudioVersion = 17.0.31903.59
MinimumVisualStudioVersion = 10.0.40219.1
Project("{2150E333-8FDC-42A3-9474-1A3956D46DE8}") = "src", "src", "{827E0CD3-B72D-47B6-A68D-7590B98EB39B}"
EndProject
Project("{FAE04EC0-301F-11D3-BF4B-00C04F79EFBC}") = "MySolution.Core", "src\MySolution.Core\MySolution.Core.csproj", "{2EF58D91-BB85-4EAF-B8B6-4E39E108452B}"
EndProject
Project("{FAE04EC0-301F-11D3-BF4B-00C04F79EFBC}") = "MySolution.Application", "src\MySolution.Application\MySolution.Application.csproj", "{0EF7EF65-6D48-46AD-A805-F52171941DE1}"
EndProject
Project("{FAE04EC0-301F-11D3-BF4B-00C04F79EFBC}") = "MySolution.Infrastructure", "src\MySolution.Infrastructure\MySolution.Infrastructure.csproj", "{C7B4A01B-EDD5-49A9-B1FC-5A92E18FBAA1}"
EndProject
Project("{FAE04EC0-301F-11D3-BF4B-00C04F79EFBC}") = "MySolution.API", "src\MySolution.API\MySolution.API.csproj", "{44752C7B-6383-4E0D-8E41-9791CCC18941}"
EndProject
Project("{2150E333-8FDC-42A3-9474-1A3956D46DE8}") = "tests", "tests", "{0AB3BF05-4346-4AA6-1389-037BE0695223}"
EndProject
Project("{FAE04EC0-301F-11D3-BF4B-00C04F79EFBC}") = "MySolution.Core.Tests", "tests\MySolution.Core.Tests\MySolution.Core.Tests.csproj", "{557D60C2-D3B5-4544-86D8-05E069FCCE03}"
EndProject
Project("{FAE04EC0-301F-11D3-BF4B-00C04F79EFBC}") = "MySolution.Application.Tests", "tests\MySolution.Application.Tests\MySolution.Application.Tests.csproj", "{E8761AE8-BEFB-4A47-A45A-D26113C77006}"
EndProject
Project("{FAE04EC0-301F-11D3-BF4B-00C04F79EFBC}") = "MySolution.Infrastructure.Tests", "tests\MySolution.Infrastructure.Tests\MySolution.Infrastructure.Tests.csproj", "{87B44F67-01F9-4B42-BFF1-326C6C5FF032}"
EndProject
Project("{FAE04EC0-301F-11D3-BF4B-00C04F79EFBC}") = "MySolution.API.Tests", "tests\MySolution.API.Tests\MySolution.API.Tests.csproj", "{64DF112A-F3ED-4D1F-9DB1-4CD4C494ED9B}"
EndProject
Global
	GlobalSection(SolutionConfigurationPlatforms) = preSolution
		Debug|Any CPU = Debug|Any CPU
		Debug|x64 = Debug|x64
		Debug|x86 = Debug|x86
		Release|Any CPU = Release|Any CPU
		Release|x64 = Release|x64
		Release|x86 = Release|x86
	EndGlobalSection
	GlobalSection(ProjectConfigurationPlatforms) = postSolution
		{2EF58D91-BB85-4EAF-B8B6-4E39E108452B}.Debug|Any CPU.ActiveCfg = Debug|Any CPU
		{2EF58D91-BB85-4EAF-B8B6-4E39E108452B}.Debug|Any CPU.Build.0 = Debug|Any CPU
		{2EF58D91-BB85-4EAF-B8B6-4E39E108452B}.Debug|x64.ActiveCfg = Debug|Any CPU
		{2EF58D91-BB85-4EAF-B8B6-4E39E108452B}.Debug|x64.Build.0 = Debug|Any CPU
		{2EF58D91-BB85-4EAF-B8B6-4E39E108452B}.Debug|x86.ActiveCfg = Debug|Any CPU
		{2EF58D91-BB85-4EAF-B8B6-4E39E108452B}.Debug|x86.Build.0 = Debug|Any CPU
		{2EF58D91-BB85-4EAF-B8B6-4E39E108452B}.Release|Any CPU.ActiveCfg = Release|Any CPU
		{2EF58D91-BB85-4EAF-B8B6-4E39E108452B}.Release|Any CPU.Build.0 = Release|Any CPU
		{2EF58D91-BB85-4EAF-B8B6-4E39E108452B}.Release|x64.ActiveCfg = Release|Any CPU
		{2EF58D91-BB85-4EAF-B8B6-4E39E108452B}.Release|x64.Build.0 = Release|Any CPU
		{2EF58D91-BB85-4EAF-B8B6-4E39E108452B}.Release|x86.ActiveCfg = Release|Any CPU
		{2EF58D91-BB85-4EAF-B8B6-4E39E108452B}.Release|x86.Build.0 = Release|Any CPU
		{0EF7EF65-6D48-46AD-A805-F52171941DE1}.Debug|Any CPU.ActiveCfg = Debug|Any CPU
		{0EF7EF65-6D48-46AD-A805-F52171941DE1}.Debug|Any CPU.Build.0 = Debug|Any CPU
		{0EF7EF65-6D48-46AD-A805-F52171941DE1}.Debug|x64.ActiveCfg = Debug|Any CPU
		{0EF7EF65-6D48-46AD-A805-F52171941DE1}.Debug|x64.Build.0 = Debug|Any CPU
		{0EF7EF65-6D48-46AD-A805-F52171941DE1}.Debug|x86.ActiveCfg = Debug|Any CPU
		{0EF7EF65-6D48-46AD-A805-F52171941DE1}.Debug|x86.Build.0 = Debug|Any CPU
		{0EF7EF65-6D48-46AD-A805-F52171941DE1}.Release|Any CPU.ActiveCfg = Release|Any CPU
		{0EF7EF65-6D48-46AD-A805-F52171941DE1}.Release|Any CPU.Build.0 = Release|Any CPU
		{0EF7EF65-6D48-46AD-A805-F52171941DE1}.Release|x64.ActiveCfg = Release|Any CPU
		{0EF7EF65-6D48-46AD-A805-F52171941DE1}.Release|x64.Build.0 = Release|Any CPU
		{0EF7EF65-6D48-46AD-A805-F52171941DE1}.Release|x86.ActiveCfg = Release|Any CPU
		{0EF7EF65-6D48-46AD-A805-F52171941DE1}.Release|x86.Build.0 = Release|Any CPU
		{C7B4A01B-EDD5-49A9-B1FC-5A92E18FBAA1}.Debug|Any CPU.ActiveCfg = Debug|Any CPU
		{C7B4A01B-EDD5-49A9-B1FC-5A92E18FBAA1}.Debug|Any CPU.Build.0 = Debug|Any CPU
		{C7B4A01B-EDD5-49A9-B1FC-5A92E18FBAA1}.Debug|x64.ActiveCfg = Debug|Any CPU
		{C7B4A01B-EDD5-49A9-B1FC-5A92E18FBAA1}.Debug|x64.Build.0 = Debug|Any CPU
		{C7B4A01B-EDD5-49A9-B1FC-5A92E18FBAA1}.Debug|x86.ActiveCfg = Debug|Any CPU
		{C7B4A01B-EDD5-49A9-B1FC-5A92E18FBAA1}.Debug|x86.Build.0 = Debug|Any CPU
		{C7B4A01B-EDD5-49A9-B1FC-5A92E18FBAA1}.Release|Any CPU.ActiveCfg = Release|Any CPU
		{C7B4A01B-EDD5-49A9-B1FC-5A92E18FBAA1}.Release|Any CPU.Build.0 = Release|Any CPU
		{C7B4A01B-EDD5-49A9-B1FC-5A92E18FBAA1}.Release|x64.ActiveCfg = Release|Any CPU
		{C7B4A01B-EDD5-49A9-B1FC-5A92E18FBAA1}.Release|x64.Build.0 = Release|Any CPU
		{C7B4A01B-EDD5-49A9-B1FC-5A92E18FBAA1}.Release|x86.ActiveCfg = Release|Any CPU
		{C7B4A01B-EDD5-49A9-B1FC-5A92E18FBAA1}.Release|x86.Build.0 = Release|Any CPU
		{44752C7B-6383-4E0D-8E41-9791CCC18941}.Debug|Any CPU.ActiveCfg = Debug|Any CPU
		{44752C7B-6383-4E0D-8E41-9791CCC18941}.Debug|Any CPU.Build.0 = Debug|Any CPU
		{44752C7B-6383-4E0D-8E41-9791CCC18941}.Debug|x64.ActiveCfg = Debug|Any CPU
		{44752C7B-6383-4E0D-8E41-9791CCC18941}.Debug|x64.Build.0 = Debug|Any CPU
		{44752C7B-6383-4E0D-8E41-9791CCC18941}.Debug|x86.ActiveCfg = Debug|Any CPU
		{44752C7B-6383-4E0D-8E41-9791CCC18941}.Debug|x86.Build.0 = Debug|Any CPU
		{44752C7B-6383-4E0D-8E41-9791CCC18941}.Release|Any CPU.ActiveCfg = Release|Any CPU
		{44752C7B-6383-4E0D-8E41-9791CCC18941}.Release|Any CPU.Build.0 = Release|Any CPU
		{44752C7B-6383-4E0D-8E41-9791CCC18941}.Release|x64.ActiveCfg = Release|Any CPU
		{44752C7B-6383-4E0D-8E41-9791CCC18941}.Release|x64.Build.0 = Release|Any CPU
		{44752C7B-6383-4E0D-8E41-9791CCC18941}.Release|x86.ActiveCfg = Release|Any CPU
		{44752C7B-6383-4E0D-8E41-9791CCC18941}.Release|x86.Build.0 = Release|Any CPU
		{557D60C2-D3B5-4544-86D8-05E069FCCE03}.Debug|Any CPU.ActiveCfg = Debug|Any CPU
		{557D60C2-D3B5-4544-86D8-05E069FCCE03}.Debug|Any CPU.Build.0 = Debug|Any CPU
		{557D60C2-D3B5-4544-86D8-05E069FCCE03}.Debug|x64.ActiveCfg = Debug|Any CPU
		{557D60C2-D3B5-4544-86D8-05E069FCCE03}.Debug|x64.Build.0 = Debug|Any CPU
		{557D60C2-D3B5-4544-86D8-05E069FCCE03}.Debug|x86.ActiveCfg = Debug|Any CPU
		{557D60C2-D3B5-4544-86D8-05E069FCCE03}.Debug|x86.Build.0 = Debug|Any CPU
		{557D60C2-D3B5-4544-86D8-05E069FCCE03}.Release|Any CPU.ActiveCfg = Release|Any CPU
		{557D60C2-D3B5-4544-86D8-05E069FCCE03}.Release|Any CPU.Build.0 = Release|Any CPU
		{557D60C2-D3B5-4544-86D8-05E069FCCE03}.Release|x64.ActiveCfg = Release|Any CPU
		{557D60C2-D3B5-4544-86D8-05E069FCCE03}.Release|x64.Build.0 = Release|Any CPU
		{557D60C2-D3B5-4544-86D8-05E069FCCE03}.Release|x86.ActiveCfg = Release|Any CPU
		{557D60C2-D3B5-4544-86D8-05E069FCCE03}.Release|x86.Build.0 = Release|Any CPU
		{E8761AE8-BEFB-4A47-A45A-D26113C77006}.Debug|Any CPU.ActiveCfg = Debug|Any CPU
		{E8761AE8-BEFB-4A47-A45A-D26113C77006}.Debug|Any CPU.Build.0 = Debug|Any CPU
		{E8761AE8-BEFB-4A47-A45A-D26113C77006}.Debug|x64.ActiveCfg = Debug|Any CPU
		{E8761AE8-BEFB-4A47-A45A-D26113C77006}.Debug|x64.Build.0 = Debug|Any CPU
		{E8761AE8-BEFB-4A47-A45A-D26113C77006}.Debug|x86.ActiveCfg = Debug|Any CPU
		{E8761AE8-BEFB-4A47-A45A-D26113C77006}.Debug|x86.Build.0 = Debug|Any CPU
		{E8761AE8-BEFB-4A47-A45A-D26113C77006}.Release|Any CPU.ActiveCfg = Release|Any CPU
		{E8761AE8-BEFB-4A47-A45A-D26113C77006}.Release|Any CPU.Build.0 = Release|Any CPU
		{E8761AE8-BEFB-4A47-A45A-D26113C77006}.Release|x64.ActiveCfg = Release|Any CPU
		{E8761AE8-BEFB-4A47-A45A-D26113C77006}.Release|x64.Build.0 = Release|Any CPU
		{E8761AE8-BEFB-4A47-A45A-D26113C77006}.Release|x86.ActiveCfg = Release|Any CPU
		{E8761AE8-BEFB-4A47-A45A-D26113C77006}.Release|x86.Build.0 = Release|Any CPU
		{87B44F67-01F9-4B42-BFF1-326C6C5FF032}.Debug|Any CPU.ActiveCfg = Debug|Any CPU
		{87B44F67-01F9-4B42-BFF1-326C6C5FF032}.Debug|Any CPU.Build.0 = Debug|Any CPU
		{87B44F67-01F9-4B42-BFF1-326C6C5FF032}.Debug|x64.ActiveCfg = Debug|Any CPU
		{87B44F67-01F9-4B42-BFF1-326C6C5FF032}.Debug|x64.Build.0 = Debug|Any CPU
		{87B44F67-01F9-4B42-BFF1-326C6C5FF032}.Debug|x86.ActiveCfg = Debug|Any CPU
		{87B44F67-01F9-4B42-BFF1-326C6C5FF032}.Debug|x86.Build.0 = Debug|Any CPU
		{87B44F67-01F9-4B42-BFF1-326C6C5FF032}.Release|Any CPU.ActiveCfg = Release|Any CPU
		{87B44F67-01F9-4B42-BFF1-326C6C5FF032}.Release|Any CPU.Build.0 = Release|Any CPU
		{87B44F67-01F9-4B42-BFF1-326C6C5FF032}.Release|x64.ActiveCfg = Release|Any CPU
		{87B44F67-01F9-4B42-BFF1-326C6C5FF032}.Release|x64.Build.0 = Release|Any CPU
		{87B44F67-01F9-4B42-BFF1-326C6C5FF032}.Release|x86.ActiveCfg = Release|Any CPU
		{87B44F67-01F9-4B42-BFF1-326C6C5FF032}.Release|x86.Build.0 = Release|Any CPU
		{64DF112A-F3ED-4D1F-9DB1-4CD4C494ED9B}.Debug|Any CPU.ActiveCfg = Debug|Any CPU
		{64DF112A-F3ED-4D1F-9DB1-4CD4C494ED9B}.Debug|Any CPU.Build.0 = Debug|Any CPU
		{64DF112A-F3ED-4D1F-9DB1-4CD4C494ED9B}.Debug|x64.ActiveCfg = Debug|Any CPU
		{64DF112A-F3ED-4D1F-9DB1-4CD4C494ED9B}.Debug|x64.Build.0 = Debug|Any CPU
		{64DF112A-F3ED-4D1F-9DB1-4CD4C494ED9B}.Debug|x86.ActiveCfg = Debug|Any CPU
		{64DF112A-F3ED-4D1F-9DB1-4CD4C494ED9B}.Debug|x86.Build.0 = Debug|Any CPU
		{64DF112A-F3ED-4D1F-9DB1-4CD4C494ED9B}.Release|Any CPU.ActiveCfg = Release|Any CPU
		{64DF112A-F3ED-4D1F-9DB1-4CD4C494ED9B}.Release|Any CPU.Build.0 = Release|Any CPU
		{64DF112A-F3ED-4D1F-9DB1-4CD4C494ED9B}.Release|x64.ActiveCfg = Release|Any CPU
		{64DF112A-F3ED-4D1F-9DB1-4CD4C494ED9B}.Release|x64.Build.0 = Release|Any CPU
		{64DF112A-F3ED-4D1F-9DB1-4CD4C494ED9B}.Release|x86.ActiveCfg = Release|Any CPU
		{64DF112A-F3ED-4D1F-9DB1-4CD4C494ED9B}.Release|x86.Build.0 = Release|Any CPU
	EndGlobalSection
	GlobalSection(SolutionProperties) = preSolution
		HideSolutionNode = FALSE
	EndGlobalSection
	GlobalSection(NestedProjects) = preSolution
		{2EF58D91-BB85-4EAF-B8B6-4E39E108452B} = {827E0CD3-B72D-47B6-A68D-7590B98EB39B}
		{0EF7EF65-6D48-46AD-A805-F52171941DE1} = {827E0CD3-B72D-47B6-A68D-7590B98EB39B}
		{C7B4A01B-EDD5-49A9-B1FC-5A92E18FBAA1} = {827E0CD3-B72D-47B6-A68D-7590B98EB39B}
		{44752C7B-6383-4E0D-8E41-9791CCC18941} = {827E0CD3-B72D-47B6-A68D-7590B98EB39B}
		{557D60C2-D3B5-4544-86D8-05E069FCCE03} = {0AB3BF05-4346-4AA6-1389-037BE0695223}
		{E8761AE8-BEFB-4A47-A45A-D26113C77006} = {0AB3BF05-4346-4AA6-1389-037BE0695223}
		{87B44F67-01F9-4B42-BFF1-326C6C5FF032} = {0AB3BF05-4346-4AA6-1389-037BE0695223}
		{64DF112A-F3ED-4D1F-9DB1-4CD4C494ED9B} = {0AB3BF05-4346-4AA6-1389-037BE0695223}
	EndGlobalSection
EndGlobal
